// !$*UTF8*$!
{
   archiveVersion = "1";
   objectVersion = "46";
   objects = {
      "OBJ_1" = {
         isa = "PBXProject";
         attributes = {
            LastUpgradeCheck = "9999";
         };
         buildConfigurationList = "OBJ_2";
         compatibilityVersion = "Xcode 3.2";
         developmentRegion = "English";
         hasScannedForEncodings = "0";
         knownRegions = (
            "en"
         );
         mainGroup = "OBJ_5";
         productRefGroup = "OBJ_70";
         projectDirPath = ".";
         targets = (
            "Sketch2Code::Sketch2Code",
            "Sketch2Code::SwiftPMPackageDescription",
            "Sketch2Code::Sketch2CodePackageTests::ProductTarget",
            "Sketch2Code::Sketch2CodeTests",
            "SwiftSyntax::SwiftSyntax",
            "SwiftSyntax::SwiftPMPackageDescription",
            "ZIPFoundation::ZIPFoundation",
            "ZIPFoundation::SwiftPMPackageDescription"
         );
      };
      "OBJ_10" = {
         isa = "PBXGroup";
         children = (
            "OBJ_11",
            "OBJ_17",
            "OBJ_25"
         );
         name = "Sketch2Code";
         path = "Sources/Sketch2Code";
         sourceTree = "SOURCE_ROOT";
      };
      "OBJ_101" = {
         isa = "XCConfigurationList";
         buildConfigurations = (
            "OBJ_102",
            "OBJ_103"
         );
         defaultConfigurationIsVisible = "0";
         defaultConfigurationName = "Release";
      };
      "OBJ_102" = {
         isa = "XCBuildConfiguration";
         buildSettings = {
            LD = "/usr/bin/true";
            OTHER_SWIFT_FLAGS = (
               "-swift-version",
               "4.2",
               "-I",
               "$(TOOLCHAIN_DIR)/usr/lib/swift/pm/4_2",
               "-target",
               "x86_64-apple-macosx10.10",
               "-sdk",
               "/Applications/Xcode.app/Contents/Developer/Platforms/MacOSX.platform/Developer/SDKs/MacOSX10.14.sdk"
            );
            SWIFT_VERSION = "4.2";
         };
         name = "Debug";
      };
      "OBJ_103" = {
         isa = "XCBuildConfiguration";
         buildSettings = {
            LD = "/usr/bin/true";
            OTHER_SWIFT_FLAGS = (
               "-swift-version",
               "4.2",
               "-I",
               "$(TOOLCHAIN_DIR)/usr/lib/swift/pm/4_2",
               "-target",
               "x86_64-apple-macosx10.10",
               "-sdk",
               "/Applications/Xcode.app/Contents/Developer/Platforms/MacOSX.platform/Developer/SDKs/MacOSX10.14.sdk"
            );
            SWIFT_VERSION = "4.2";
         };
         name = "Release";
      };
      "OBJ_104" = {
         isa = "PBXSourcesBuildPhase";
         files = (
            "OBJ_105"
         );
      };
      "OBJ_105" = {
         isa = "PBXBuildFile";
         fileRef = "OBJ_6";
      };
      "OBJ_107" = {
         isa = "XCConfigurationList";
         buildConfigurations = (
            "OBJ_108",
            "OBJ_109"
         );
         defaultConfigurationIsVisible = "0";
         defaultConfigurationName = "Release";
      };
      "OBJ_108" = {
         isa = "XCBuildConfiguration";
         buildSettings = {
         };
         name = "Debug";
      };
      "OBJ_109" = {
         isa = "XCBuildConfiguration";
         buildSettings = {
         };
         name = "Release";
      };
      "OBJ_11" = {
         isa = "PBXGroup";
         children = (
            "OBJ_12",
            "OBJ_13",
            "OBJ_14",
            "OBJ_15",
            "OBJ_16"
         );
         name = "Generators";
         path = "Generators";
         sourceTree = "<group>";
      };
      "OBJ_110" = {
         isa = "PBXTargetDependency";
         target = "Sketch2Code::Sketch2CodeTests";
      };
      "OBJ_112" = {
         isa = "XCConfigurationList";
         buildConfigurations = (
            "OBJ_113",
            "OBJ_114"
         );
         defaultConfigurationIsVisible = "0";
         defaultConfigurationName = "Release";
      };
      "OBJ_113" = {
         isa = "XCBuildConfiguration";
         baseConfigurationReference = "OBJ_8";
         buildSettings = {
            CLANG_ENABLE_MODULES = "YES";
            EMBEDDED_CONTENT_CONTAINS_SWIFT = "YES";
            FRAMEWORK_SEARCH_PATHS = (
               "$(inherited)",
               "$(PLATFORM_DIR)/Developer/Library/Frameworks"
            );
            HEADER_SEARCH_PATHS = (
               "$(inherited)"
            );
            INFOPLIST_FILE = "Sketch2Code.xcodeproj/Sketch2CodeTests_Info.plist";
            LD_RUNPATH_SEARCH_PATHS = (
               "$(inherited)",
               "@loader_path/../Frameworks",
               "@loader_path/Frameworks"
            );
            OTHER_CFLAGS = (
               "$(inherited)"
            );
            OTHER_LDFLAGS = (
               "$(inherited)"
            );
            OTHER_SWIFT_FLAGS = (
               "$(inherited)"
            );
            SWIFT_ACTIVE_COMPILATION_CONDITIONS = (
               "$(inherited)"
            );
            SWIFT_VERSION = "4.2";
            TARGET_NAME = "Sketch2CodeTests";
         };
         name = "Debug";
      };
      "OBJ_114" = {
         isa = "XCBuildConfiguration";
         baseConfigurationReference = "OBJ_8";
         buildSettings = {
            CLANG_ENABLE_MODULES = "YES";
            EMBEDDED_CONTENT_CONTAINS_SWIFT = "YES";
            FRAMEWORK_SEARCH_PATHS = (
               "$(inherited)",
               "$(PLATFORM_DIR)/Developer/Library/Frameworks"
            );
            HEADER_SEARCH_PATHS = (
               "$(inherited)"
            );
            INFOPLIST_FILE = "Sketch2Code.xcodeproj/Sketch2CodeTests_Info.plist";
            LD_RUNPATH_SEARCH_PATHS = (
               "$(inherited)",
               "@loader_path/../Frameworks",
               "@loader_path/Frameworks"
            );
            OTHER_CFLAGS = (
               "$(inherited)"
            );
            OTHER_LDFLAGS = (
               "$(inherited)"
            );
            OTHER_SWIFT_FLAGS = (
               "$(inherited)"
            );
            SWIFT_ACTIVE_COMPILATION_CONDITIONS = (
               "$(inherited)"
            );
            SWIFT_VERSION = "4.2";
            TARGET_NAME = "Sketch2CodeTests";
         };
         name = "Release";
      };
      "OBJ_115" = {
         isa = "PBXSourcesBuildPhase";
         files = (
            "OBJ_116",
            "OBJ_117"
         );
      };
      "OBJ_116" = {
         isa = "PBXBuildFile";
         fileRef = "OBJ_28";
      };
      "OBJ_117" = {
         isa = "PBXBuildFile";
         fileRef = "OBJ_29";
      };
      "OBJ_118" = {
         isa = "PBXFrameworksBuildPhase";
         files = (
            "OBJ_119",
            "OBJ_120"
         );
      };
      "OBJ_119" = {
         isa = "PBXBuildFile";
         fileRef = "ZIPFoundation::ZIPFoundation::Product";
      };
      "OBJ_12" = {
         isa = "PBXFileReference";
         path = "LayoutGenerator.swift";
         sourceTree = "<group>";
      };
      "OBJ_120" = {
         isa = "PBXBuildFile";
         fileRef = "SwiftSyntax::SwiftSyntax::Product";
      };
      "OBJ_121" = {
         isa = "PBXTargetDependency";
         target = "Sketch2Code::Sketch2Code";
      };
      "OBJ_122" = {
         isa = "PBXTargetDependency";
         target = "ZIPFoundation::ZIPFoundation";
      };
      "OBJ_123" = {
         isa = "PBXTargetDependency";
         target = "SwiftSyntax::SwiftSyntax";
      };
      "OBJ_124" = {
         isa = "XCConfigurationList";
         buildConfigurations = (
            "OBJ_125",
            "OBJ_126"
         );
         defaultConfigurationIsVisible = "0";
         defaultConfigurationName = "Release";
      };
      "OBJ_125" = {
         isa = "XCBuildConfiguration";
         baseConfigurationReference = "OBJ_8";
         buildSettings = {
            ENABLE_TESTABILITY = "YES";
            FRAMEWORK_SEARCH_PATHS = (
               "$(inherited)",
               "$(PLATFORM_DIR)/Developer/Library/Frameworks"
            );
            HEADER_SEARCH_PATHS = (
               "$(inherited)"
            );
            INFOPLIST_FILE = "Sketch2Code.xcodeproj/SwiftSyntax_Info.plist";
            LD_RUNPATH_SEARCH_PATHS = (
               "$(inherited)",
               "$(TOOLCHAIN_DIR)/usr/lib/swift/macosx"
            );
            OTHER_CFLAGS = (
               "$(inherited)"
            );
            OTHER_LDFLAGS = (
               "$(inherited)"
            );
            OTHER_SWIFT_FLAGS = (
               "$(inherited)"
            );
            PRODUCT_BUNDLE_IDENTIFIER = "SwiftSyntax";
            PRODUCT_MODULE_NAME = "$(TARGET_NAME:c99extidentifier)";
            PRODUCT_NAME = "$(TARGET_NAME:c99extidentifier)";
            SKIP_INSTALL = "YES";
            SWIFT_ACTIVE_COMPILATION_CONDITIONS = (
               "$(inherited)"
            );
            SWIFT_VERSION = "4.2";
            TARGET_NAME = "SwiftSyntax";
         };
         name = "Debug";
      };
      "OBJ_126" = {
         isa = "XCBuildConfiguration";
         baseConfigurationReference = "OBJ_8";
         buildSettings = {
            ENABLE_TESTABILITY = "YES";
            FRAMEWORK_SEARCH_PATHS = (
               "$(inherited)",
               "$(PLATFORM_DIR)/Developer/Library/Frameworks"
            );
            HEADER_SEARCH_PATHS = (
               "$(inherited)"
            );
            INFOPLIST_FILE = "Sketch2Code.xcodeproj/SwiftSyntax_Info.plist";
            LD_RUNPATH_SEARCH_PATHS = (
               "$(inherited)",
               "$(TOOLCHAIN_DIR)/usr/lib/swift/macosx"
            );
            OTHER_CFLAGS = (
               "$(inherited)"
            );
            OTHER_LDFLAGS = (
               "$(inherited)"
            );
            OTHER_SWIFT_FLAGS = (
               "$(inherited)"
            );
            PRODUCT_BUNDLE_IDENTIFIER = "SwiftSyntax";
            PRODUCT_MODULE_NAME = "$(TARGET_NAME:c99extidentifier)";
            PRODUCT_NAME = "$(TARGET_NAME:c99extidentifier)";
            SKIP_INSTALL = "YES";
            SWIFT_ACTIVE_COMPILATION_CONDITIONS = (
               "$(inherited)"
            );
            SWIFT_VERSION = "4.2";
            TARGET_NAME = "SwiftSyntax";
         };
         name = "Release";
      };
      "OBJ_127" = {
         isa = "PBXSourcesBuildPhase";
         files = (
            "OBJ_128",
            "OBJ_129",
            "OBJ_130",
            "OBJ_131",
            "OBJ_132",
            "OBJ_133",
            "OBJ_134",
            "OBJ_135",
            "OBJ_136",
            "OBJ_137",
            "OBJ_138",
            "OBJ_139",
            "OBJ_140",
            "OBJ_141",
            "OBJ_142",
            "OBJ_143",
            "OBJ_144",
            "OBJ_145",
            "OBJ_146",
            "OBJ_147",
            "OBJ_148",
            "OBJ_149",
            "OBJ_150"
         );
      };
      "OBJ_128" = {
         isa = "PBXBuildFile";
         fileRef = "OBJ_45";
      };
      "OBJ_129" = {
         isa = "PBXBuildFile";
         fileRef = "OBJ_46";
      };
      "OBJ_13" = {
         isa = "PBXFileReference";
         path = "UIGenerator.swift";
         sourceTree = "<group>";
      };
      "OBJ_130" = {
         isa = "PBXBuildFile";
         fileRef = "OBJ_47";
      };
      "OBJ_131" = {
         isa = "PBXBuildFile";
         fileRef = "OBJ_48";
      };
      "OBJ_132" = {
         isa = "PBXBuildFile";
         fileRef = "OBJ_49";
      };
      "OBJ_133" = {
         isa = "PBXBuildFile";
         fileRef = "OBJ_50";
      };
      "OBJ_134" = {
         isa = "PBXBuildFile";
         fileRef = "OBJ_51";
      };
      "OBJ_135" = {
         isa = "PBXBuildFile";
         fileRef = "OBJ_52";
      };
      "OBJ_136" = {
         isa = "PBXBuildFile";
         fileRef = "OBJ_53";
      };
      "OBJ_137" = {
         isa = "PBXBuildFile";
         fileRef = "OBJ_54";
      };
      "OBJ_138" = {
         isa = "PBXBuildFile";
         fileRef = "OBJ_55";
      };
      "OBJ_139" = {
         isa = "PBXBuildFile";
         fileRef = "OBJ_56";
      };
      "OBJ_14" = {
         isa = "PBXFileReference";
         path = "Utils.swift";
         sourceTree = "<group>";
      };
      "OBJ_140" = {
         isa = "PBXBuildFile";
         fileRef = "OBJ_57";
      };
      "OBJ_141" = {
         isa = "PBXBuildFile";
         fileRef = "OBJ_58";
      };
      "OBJ_142" = {
         isa = "PBXBuildFile";
         fileRef = "OBJ_59";
      };
      "OBJ_143" = {
         isa = "PBXBuildFile";
         fileRef = "OBJ_61";
      };
      "OBJ_144" = {
         isa = "PBXBuildFile";
         fileRef = "OBJ_62";
      };
      "OBJ_145" = {
         isa = "PBXBuildFile";
         fileRef = "OBJ_63";
      };
      "OBJ_146" = {
         isa = "PBXBuildFile";
         fileRef = "OBJ_64";
      };
      "OBJ_147" = {
         isa = "PBXBuildFile";
         fileRef = "OBJ_65";
      };
      "OBJ_148" = {
         isa = "PBXBuildFile";
         fileRef = "OBJ_66";
      };
      "OBJ_149" = {
         isa = "PBXBuildFile";
         fileRef = "OBJ_67";
      };
      "OBJ_15" = {
         isa = "PBXFileReference";
         path = "ViewControllerGenerator.swift";
         sourceTree = "<group>";
      };
      "OBJ_150" = {
         isa = "PBXBuildFile";
         fileRef = "OBJ_68";
      };
      "OBJ_151" = {
         isa = "PBXFrameworksBuildPhase";
         files = (
         );
      };
      "OBJ_153" = {
         isa = "XCConfigurationList";
         buildConfigurations = (
            "OBJ_154",
            "OBJ_155"
         );
         defaultConfigurationIsVisible = "0";
         defaultConfigurationName = "Release";
      };
      "OBJ_154" = {
         isa = "XCBuildConfiguration";
         buildSettings = {
            LD = "/usr/bin/true";
            OTHER_SWIFT_FLAGS = (
               "-swift-version",
               "4.2",
               "-I",
               "$(TOOLCHAIN_DIR)/usr/lib/swift/pm/4_2",
               "-target",
               "x86_64-apple-macosx10.10",
               "-sdk",
               "/Applications/Xcode.app/Contents/Developer/Platforms/MacOSX.platform/Developer/SDKs/MacOSX10.14.sdk"
            );
            SWIFT_VERSION = "4.2";
         };
         name = "Debug";
      };
      "OBJ_155" = {
         isa = "XCBuildConfiguration";
         buildSettings = {
            LD = "/usr/bin/true";
            OTHER_SWIFT_FLAGS = (
               "-swift-version",
               "4.2",
               "-I",
               "$(TOOLCHAIN_DIR)/usr/lib/swift/pm/4_2",
               "-target",
               "x86_64-apple-macosx10.10",
               "-sdk",
               "/Applications/Xcode.app/Contents/Developer/Platforms/MacOSX.platform/Developer/SDKs/MacOSX10.14.sdk"
            );
            SWIFT_VERSION = "4.2";
         };
         name = "Release";
      };
      "OBJ_156" = {
         isa = "PBXSourcesBuildPhase";
         files = (
            "OBJ_157"
         );
      };
      "OBJ_157" = {
         isa = "PBXBuildFile";
         fileRef = "OBJ_69";
      };
      "OBJ_158" = {
         isa = "XCConfigurationList";
         buildConfigurations = (
            "OBJ_159",
            "OBJ_160"
         );
         defaultConfigurationIsVisible = "0";
         defaultConfigurationName = "Release";
      };
      "OBJ_159" = {
         isa = "XCBuildConfiguration";
         baseConfigurationReference = "OBJ_8";
         buildSettings = {
            ENABLE_TESTABILITY = "YES";
            FRAMEWORK_SEARCH_PATHS = (
               "$(inherited)",
               "$(PLATFORM_DIR)/Developer/Library/Frameworks"
            );
            HEADER_SEARCH_PATHS = (
               "$(inherited)"
            );
            INFOPLIST_FILE = "Sketch2Code.xcodeproj/ZIPFoundation_Info.plist";
            LD_RUNPATH_SEARCH_PATHS = (
               "$(inherited)",
               "$(TOOLCHAIN_DIR)/usr/lib/swift/macosx"
            );
            OTHER_CFLAGS = (
               "$(inherited)"
            );
            OTHER_LDFLAGS = (
               "$(inherited)"
            );
            OTHER_SWIFT_FLAGS = (
               "$(inherited)"
            );
            PRODUCT_BUNDLE_IDENTIFIER = "ZIPFoundation";
            PRODUCT_MODULE_NAME = "$(TARGET_NAME:c99extidentifier)";
            PRODUCT_NAME = "$(TARGET_NAME:c99extidentifier)";
            SKIP_INSTALL = "YES";
            SWIFT_ACTIVE_COMPILATION_CONDITIONS = (
               "$(inherited)"
            );
            SWIFT_VERSION = "4.0";
            TARGET_NAME = "ZIPFoundation";
         };
         name = "Debug";
      };
      "OBJ_16" = {
         isa = "PBXFileReference";
         path = "ViewGenerator.swift";
         sourceTree = "<group>";
      };
      "OBJ_160" = {
         isa = "XCBuildConfiguration";
         baseConfigurationReference = "OBJ_8";
         buildSettings = {
            ENABLE_TESTABILITY = "YES";
            FRAMEWORK_SEARCH_PATHS = (
               "$(inherited)",
               "$(PLATFORM_DIR)/Developer/Library/Frameworks"
            );
            HEADER_SEARCH_PATHS = (
               "$(inherited)"
            );
            INFOPLIST_FILE = "Sketch2Code.xcodeproj/ZIPFoundation_Info.plist";
            LD_RUNPATH_SEARCH_PATHS = (
               "$(inherited)",
               "$(TOOLCHAIN_DIR)/usr/lib/swift/macosx"
            );
            OTHER_CFLAGS = (
               "$(inherited)"
            );
            OTHER_LDFLAGS = (
               "$(inherited)"
            );
            OTHER_SWIFT_FLAGS = (
               "$(inherited)"
            );
            PRODUCT_BUNDLE_IDENTIFIER = "ZIPFoundation";
            PRODUCT_MODULE_NAME = "$(TARGET_NAME:c99extidentifier)";
            PRODUCT_NAME = "$(TARGET_NAME:c99extidentifier)";
            SKIP_INSTALL = "YES";
            SWIFT_ACTIVE_COMPILATION_CONDITIONS = (
               "$(inherited)"
            );
            SWIFT_VERSION = "4.0";
            TARGET_NAME = "ZIPFoundation";
         };
         name = "Release";
      };
      "OBJ_161" = {
         isa = "PBXSourcesBuildPhase";
         files = (
            "OBJ_162",
            "OBJ_163",
            "OBJ_164",
            "OBJ_165",
            "OBJ_166",
            "OBJ_167",
            "OBJ_168"
         );
      };
      "OBJ_162" = {
         isa = "PBXBuildFile";
         fileRef = "OBJ_35";
      };
      "OBJ_163" = {
         isa = "PBXBuildFile";
         fileRef = "OBJ_36";
      };
      "OBJ_164" = {
         isa = "PBXBuildFile";
         fileRef = "OBJ_37";
      };
      "OBJ_165" = {
         isa = "PBXBuildFile";
         fileRef = "OBJ_38";
      };
      "OBJ_166" = {
         isa = "PBXBuildFile";
         fileRef = "OBJ_39";
      };
      "OBJ_167" = {
         isa = "PBXBuildFile";
         fileRef = "OBJ_40";
      };
      "OBJ_168" = {
         isa = "PBXBuildFile";
         fileRef = "OBJ_41";
      };
      "OBJ_169" = {
         isa = "PBXFrameworksBuildPhase";
         files = (
         );
      };
      "OBJ_17" = {
         isa = "PBXGroup";
         children = (
            "OBJ_18",
            "OBJ_19",
            "OBJ_20",
            "OBJ_21",
            "OBJ_22",
            "OBJ_23",
            "OBJ_24"
         );
         name = "Models";
         path = "Models";
         sourceTree = "<group>";
      };
      "OBJ_171" = {
         isa = "XCConfigurationList";
         buildConfigurations = (
            "OBJ_172",
            "OBJ_173"
         );
         defaultConfigurationIsVisible = "0";
         defaultConfigurationName = "Release";
      };
      "OBJ_172" = {
         isa = "XCBuildConfiguration";
         buildSettings = {
            LD = "/usr/bin/true";
            OTHER_SWIFT_FLAGS = (
               "-swift-version",
               "4",
               "-I",
               "$(TOOLCHAIN_DIR)/usr/lib/swift/pm/4",
               "-target",
               "x86_64-apple-macosx10.10",
               "-sdk",
               "/Applications/Xcode.app/Contents/Developer/Platforms/MacOSX.platform/Developer/SDKs/MacOSX10.14.sdk"
            );
            SWIFT_VERSION = "4.0";
         };
         name = "Debug";
      };
      "OBJ_173" = {
         isa = "XCBuildConfiguration";
         buildSettings = {
            LD = "/usr/bin/true";
            OTHER_SWIFT_FLAGS = (
               "-swift-version",
               "4",
               "-I",
               "$(TOOLCHAIN_DIR)/usr/lib/swift/pm/4",
               "-target",
               "x86_64-apple-macosx10.10",
               "-sdk",
               "/Applications/Xcode.app/Contents/Developer/Platforms/MacOSX.platform/Developer/SDKs/MacOSX10.14.sdk"
            );
            SWIFT_VERSION = "4.0";
         };
         name = "Release";
      };
      "OBJ_174" = {
         isa = "PBXSourcesBuildPhase";
         files = (
            "OBJ_175"
         );
      };
      "OBJ_175" = {
         isa = "PBXBuildFile";
         fileRef = "OBJ_42";
      };
      "OBJ_18" = {
         isa = "PBXFileReference";
         path = "Artboard.swift";
         sourceTree = "<group>";
      };
      "OBJ_19" = {
         isa = "PBXFileReference";
         path = "AttributedString.swift";
         sourceTree = "<group>";
      };
      "OBJ_2" = {
         isa = "XCConfigurationList";
         buildConfigurations = (
            "OBJ_3",
            "OBJ_4"
         );
         defaultConfigurationIsVisible = "0";
         defaultConfigurationName = "Release";
      };
      "OBJ_20" = {
         isa = "PBXFileReference";
         path = "Element.swift";
         sourceTree = "<group>";
      };
      "OBJ_21" = {
         isa = "PBXFileReference";
         path = "Layout.swift";
         sourceTree = "<group>";
      };
      "OBJ_22" = {
         isa = "PBXFileReference";
         path = "Page.swift";
         sourceTree = "<group>";
      };
      "OBJ_23" = {
         isa = "PBXFileReference";
         path = "Sketch.swift";
         sourceTree = "<group>";
      };
      "OBJ_24" = {
         isa = "PBXFileReference";
         path = "Style.swift";
         sourceTree = "<group>";
      };
      "OBJ_25" = {
         isa = "PBXFileReference";
         path = "main.swift";
         sourceTree = "<group>";
      };
      "OBJ_26" = {
         isa = "PBXGroup";
         children = (
            "OBJ_27"
         );
         name = "Tests";
         path = "";
         sourceTree = "SOURCE_ROOT";
      };
      "OBJ_27" = {
         isa = "PBXGroup";
         children = (
            "OBJ_28",
            "OBJ_29"
         );
         name = "Sketch2CodeTests";
         path = "Tests/Sketch2CodeTests";
         sourceTree = "SOURCE_ROOT";
      };
      "OBJ_28" = {
         isa = "PBXFileReference";
         path = "Sketch2CodeTests.swift";
         sourceTree = "<group>";
      };
      "OBJ_29" = {
         isa = "PBXFileReference";
         path = "XCTestManifests.swift";
         sourceTree = "<group>";
      };
      "OBJ_3" = {
         isa = "XCBuildConfiguration";
         buildSettings = {
            CLANG_ENABLE_OBJC_ARC = "YES";
            COMBINE_HIDPI_IMAGES = "YES";
            COPY_PHASE_STRIP = "NO";
            DEBUG_INFORMATION_FORMAT = "dwarf";
            DYLIB_INSTALL_NAME_BASE = "@rpath";
            ENABLE_NS_ASSERTIONS = "YES";
            GCC_OPTIMIZATION_LEVEL = "0";
            GCC_PREPROCESSOR_DEFINITIONS = (
               "DEBUG=1",
               "$(inherited)"
            );
            MACOSX_DEPLOYMENT_TARGET = "10.10";
            ONLY_ACTIVE_ARCH = "YES";
            OTHER_SWIFT_FLAGS = (
               "-DXcode"
            );
            PRODUCT_NAME = "$(TARGET_NAME)";
            SDKROOT = "macosx";
            SUPPORTED_PLATFORMS = (
               "macosx",
               "iphoneos",
               "iphonesimulator",
               "appletvos",
               "appletvsimulator",
               "watchos",
               "watchsimulator"
            );
            SWIFT_ACTIVE_COMPILATION_CONDITIONS = (
               "SWIFT_PACKAGE",
               "DEBUG"
            );
            SWIFT_OPTIMIZATION_LEVEL = "-Onone";
            USE_HEADERMAP = "NO";
         };
         name = "Debug";
      };
      "OBJ_30" = {
         isa = "PBXFileReference";
         path = "Example";
         sourceTree = "SOURCE_ROOT";
      };
      "OBJ_31" = {
         isa = "PBXFileReference";
         path = "OtherResources";
         sourceTree = "SOURCE_ROOT";
      };
      "OBJ_32" = {
         isa = "PBXGroup";
         children = (
            "OBJ_33",
            "OBJ_43"
         );
         name = "Dependencies";
         path = "";
         sourceTree = "<group>";
      };
      "OBJ_33" = {
         isa = "PBXGroup";
         children = (
            "OBJ_34",
            "OBJ_42"
         );
         name = "ZIPFoundation 0.9.6";
         path = "";
         sourceTree = "SOURCE_ROOT";
      };
      "OBJ_34" = {
         isa = "PBXGroup";
         children = (
            "OBJ_35",
            "OBJ_36",
            "OBJ_37",
            "OBJ_38",
            "OBJ_39",
            "OBJ_40",
            "OBJ_41"
         );
         name = "ZIPFoundation";
         path = ".build/checkouts/-2011765847484183823/Sources/ZIPFoundation";
         sourceTree = "SOURCE_ROOT";
      };
      "OBJ_35" = {
         isa = "PBXFileReference";
         path = "Archive+Reading.swift";
         sourceTree = "<group>";
      };
      "OBJ_36" = {
         isa = "PBXFileReference";
         path = "Archive+Writing.swift";
         sourceTree = "<group>";
      };
      "OBJ_37" = {
         isa = "PBXFileReference";
         path = "Archive.swift";
         sourceTree = "<group>";
      };
      "OBJ_38" = {
         isa = "PBXFileReference";
         path = "Data+Compression.swift";
         sourceTree = "<group>";
      };
      "OBJ_39" = {
         isa = "PBXFileReference";
         path = "Data+Serialization.swift";
         sourceTree = "<group>";
      };
      "OBJ_4" = {
         isa = "XCBuildConfiguration";
         buildSettings = {
            CLANG_ENABLE_OBJC_ARC = "YES";
            COMBINE_HIDPI_IMAGES = "YES";
            COPY_PHASE_STRIP = "YES";
            DEBUG_INFORMATION_FORMAT = "dwarf-with-dsym";
            DYLIB_INSTALL_NAME_BASE = "@rpath";
            GCC_OPTIMIZATION_LEVEL = "s";
            MACOSX_DEPLOYMENT_TARGET = "10.10";
            OTHER_SWIFT_FLAGS = (
               "-DXcode"
            );
            PRODUCT_NAME = "$(TARGET_NAME)";
            SDKROOT = "macosx";
            SUPPORTED_PLATFORMS = (
               "macosx",
               "iphoneos",
               "iphonesimulator",
               "appletvos",
               "appletvsimulator",
               "watchos",
               "watchsimulator"
            );
            SWIFT_ACTIVE_COMPILATION_CONDITIONS = (
               "SWIFT_PACKAGE"
            );
            SWIFT_OPTIMIZATION_LEVEL = "-Owholemodule";
            USE_HEADERMAP = "NO";
         };
         name = "Release";
      };
      "OBJ_40" = {
         isa = "PBXFileReference";
         path = "Entry.swift";
         sourceTree = "<group>";
      };
      "OBJ_41" = {
         isa = "PBXFileReference";
         path = "FileManager+ZIP.swift";
         sourceTree = "<group>";
      };
      "OBJ_42" = {
         isa = "PBXFileReference";
         explicitFileType = "sourcecode.swift";
         name = "Package.swift";
         path = "/Users/dianqk/Documents/Github/Sketch2Code/.build/checkouts/-2011765847484183823/Package.swift";
         sourceTree = "<group>";
      };
      "OBJ_43" = {
         isa = "PBXGroup";
         children = (
            "OBJ_44",
            "OBJ_69"
         );
         name = "SwiftSyntax 0.40200.0";
         path = "";
         sourceTree = "SOURCE_ROOT";
      };
      "OBJ_44" = {
         isa = "PBXGroup";
         children = (
            "OBJ_45",
            "OBJ_46",
            "OBJ_47",
            "OBJ_48",
            "OBJ_49",
            "OBJ_50",
            "OBJ_51",
            "OBJ_52",
            "OBJ_53",
            "OBJ_54",
            "OBJ_55",
            "OBJ_56",
            "OBJ_57",
            "OBJ_58",
            "OBJ_59",
            "OBJ_60"
         );
         name = "SwiftSyntax";
         path = ".build/checkouts/swift-syntax.git-8739225165260999711/Sources/SwiftSyntax";
         sourceTree = "SOURCE_ROOT";
      };
      "OBJ_45" = {
         isa = "PBXFileReference";
         path = "AbsolutePosition.swift";
         sourceTree = "<group>";
      };
      "OBJ_46" = {
         isa = "PBXFileReference";
         path = "AtomicCache.swift";
         sourceTree = "<group>";
      };
      "OBJ_47" = {
         isa = "PBXFileReference";
         path = "Diagnostic.swift";
         sourceTree = "<group>";
      };
      "OBJ_48" = {
         isa = "PBXFileReference";
         path = "DiagnosticConsumer.swift";
         sourceTree = "<group>";
      };
      "OBJ_49" = {
         isa = "PBXFileReference";
         path = "DiagnosticEngine.swift";
         sourceTree = "<group>";
      };
      "OBJ_5" = {
         isa = "PBXGroup";
         children = (
            "OBJ_6",
            "OBJ_7",
            "OBJ_9",
            "OBJ_26",
            "OBJ_30",
            "OBJ_31",
            "OBJ_32",
            "OBJ_70"
         );
         path = "";
         sourceTree = "<group>";
      };
      "OBJ_50" = {
         isa = "PBXFileReference";
         path = "JSONDiagnosticConsumer.swift";
         sourceTree = "<group>";
      };
      "OBJ_51" = {
         isa = "PBXFileReference";
         path = "PrintingDiagnosticConsumer.swift";
         sourceTree = "<group>";
      };
      "OBJ_52" = {
         isa = "PBXFileReference";
         path = "RawSyntax.swift";
         sourceTree = "<group>";
      };
      "OBJ_53" = {
         isa = "PBXFileReference";
         path = "SourceLength.swift";
         sourceTree = "<group>";
      };
      "OBJ_54" = {
         isa = "PBXFileReference";
         path = "SourcePresence.swift";
         sourceTree = "<group>";
      };
      "OBJ_55" = {
         isa = "PBXFileReference";
         path = "SwiftSyntax.swift";
         sourceTree = "<group>";
      };
      "OBJ_56" = {
         isa = "PBXFileReference";
         path = "SwiftcInvocation.swift";
         sourceTree = "<group>";
      };
      "OBJ_57" = {
         isa = "PBXFileReference";
         path = "Syntax.swift";
         sourceTree = "<group>";
      };
      "OBJ_58" = {
         isa = "PBXFileReference";
         path = "SyntaxChildren.swift";
         sourceTree = "<group>";
      };
      "OBJ_59" = {
         isa = "PBXFileReference";
         path = "SyntaxData.swift";
         sourceTree = "<group>";
      };
      "OBJ_6" = {
         isa = "PBXFileReference";
         explicitFileType = "sourcecode.swift";
         path = "Package.swift";
         sourceTree = "<group>";
      };
      "OBJ_60" = {
         isa = "PBXGroup";
         children = (
            "OBJ_61",
            "OBJ_62",
            "OBJ_63",
            "OBJ_64",
            "OBJ_65",
            "OBJ_66",
            "OBJ_67",
            "OBJ_68"
         );
         name = "gyb_generated";
         path = "gyb_generated";
         sourceTree = "<group>";
      };
      "OBJ_61" = {
         isa = "PBXFileReference";
         path = "SyntaxBuilders.swift";
         sourceTree = "<group>";
      };
      "OBJ_62" = {
         isa = "PBXFileReference";
         path = "SyntaxCollections.swift";
         sourceTree = "<group>";
      };
      "OBJ_63" = {
         isa = "PBXFileReference";
         path = "SyntaxFactory.swift";
         sourceTree = "<group>";
      };
      "OBJ_64" = {
         isa = "PBXFileReference";
         path = "SyntaxKind.swift";
         sourceTree = "<group>";
      };
      "OBJ_65" = {
         isa = "PBXFileReference";
         path = "SyntaxNodes.swift";
         sourceTree = "<group>";
      };
      "OBJ_66" = {
         isa = "PBXFileReference";
         path = "SyntaxRewriter.swift";
         sourceTree = "<group>";
      };
      "OBJ_67" = {
         isa = "PBXFileReference";
         path = "TokenKind.swift";
         sourceTree = "<group>";
      };
      "OBJ_68" = {
         isa = "PBXFileReference";
         path = "Trivia.swift";
         sourceTree = "<group>";
      };
      "OBJ_69" = {
         isa = "PBXFileReference";
         explicitFileType = "sourcecode.swift";
         name = "Package.swift";
         path = "/Users/dianqk/Documents/Github/Sketch2Code/.build/checkouts/swift-syntax.git-8739225165260999711/Package.swift";
         sourceTree = "<group>";
      };
      "OBJ_7" = {
         isa = "PBXGroup";
         children = (
            "OBJ_8"
         );
         name = "Configs";
         path = "";
         sourceTree = "<group>";
      };
      "OBJ_70" = {
         isa = "PBXGroup";
         children = (
            "SwiftSyntax::SwiftSyntax::Product",
            "Sketch2Code::Sketch2Code::Product",
            "Sketch2Code::Sketch2CodeTests::Product",
            "ZIPFoundation::ZIPFoundation::Product"
         );
         name = "Products";
         path = "";
         sourceTree = "BUILT_PRODUCTS_DIR";
      };
      "OBJ_76" = {
         isa = "XCConfigurationList";
         buildConfigurations = (
            "OBJ_77",
            "OBJ_78"
         );
         defaultConfigurationIsVisible = "0";
         defaultConfigurationName = "Release";
      };
      "OBJ_77" = {
         isa = "XCBuildConfiguration";
         baseConfigurationReference = "OBJ_8";
         buildSettings = {
            FRAMEWORK_SEARCH_PATHS = (
               "$(inherited)",
               "$(PLATFORM_DIR)/Developer/Library/Frameworks"
            );
            HEADER_SEARCH_PATHS = (
               "$(inherited)"
            );
            INFOPLIST_FILE = "Sketch2Code.xcodeproj/Sketch2Code_Info.plist";
            LD_RUNPATH_SEARCH_PATHS = (
               "$(inherited)",
               "$(TOOLCHAIN_DIR)/usr/lib/swift/macosx",
               "@executable_path"
            );
            OTHER_CFLAGS = (
               "$(inherited)"
            );
            OTHER_LDFLAGS = (
               "$(inherited)"
            );
            OTHER_SWIFT_FLAGS = (
               "$(inherited)"
            );
            SWIFT_ACTIVE_COMPILATION_CONDITIONS = (
               "$(inherited)"
            );
            SWIFT_FORCE_DYNAMIC_LINK_STDLIB = "YES";
            SWIFT_FORCE_STATIC_LINK_STDLIB = "NO";
            SWIFT_VERSION = "4.2";
            TARGET_NAME = "Sketch2Code";
         };
         name = "Debug";
      };
      "OBJ_78" = {
         isa = "XCBuildConfiguration";
         baseConfigurationReference = "OBJ_8";
         buildSettings = {
            FRAMEWORK_SEARCH_PATHS = (
               "$(inherited)",
               "$(PLATFORM_DIR)/Developer/Library/Frameworks"
            );
            HEADER_SEARCH_PATHS = (
               "$(inherited)"
            );
            INFOPLIST_FILE = "Sketch2Code.xcodeproj/Sketch2Code_Info.plist";
            LD_RUNPATH_SEARCH_PATHS = (
               "$(inherited)",
               "$(TOOLCHAIN_DIR)/usr/lib/swift/macosx",
               "@executable_path"
            );
            OTHER_CFLAGS = (
               "$(inherited)"
            );
            OTHER_LDFLAGS = (
               "$(inherited)"
            );
            OTHER_SWIFT_FLAGS = (
               "$(inherited)"
            );
            SWIFT_ACTIVE_COMPILATION_CONDITIONS = (
               "$(inherited)"
            );
            SWIFT_FORCE_DYNAMIC_LINK_STDLIB = "YES";
            SWIFT_FORCE_STATIC_LINK_STDLIB = "NO";
            SWIFT_VERSION = "4.2";
            TARGET_NAME = "Sketch2Code";
         };
         name = "Release";
      };
      "OBJ_79" = {
         isa = "PBXSourcesBuildPhase";
         files = (
            "OBJ_80",
            "OBJ_81",
            "OBJ_82",
            "OBJ_83",
            "OBJ_84",
            "OBJ_85",
            "OBJ_86",
            "OBJ_87",
            "OBJ_88",
            "OBJ_89",
            "OBJ_90",
            "OBJ_91",
            "OBJ_92"
         );
      };
      "OBJ_8" = {
         isa = "PBXFileReference";
         path = "main.xcconfig";
         sourceTree = "<group>";
      };
      "OBJ_80" = {
         isa = "PBXBuildFile";
         fileRef = "OBJ_12";
      };
      "OBJ_81" = {
         isa = "PBXBuildFile";
         fileRef = "OBJ_13";
      };
      "OBJ_82" = {
         isa = "PBXBuildFile";
         fileRef = "OBJ_14";
      };
      "OBJ_83" = {
         isa = "PBXBuildFile";
         fileRef = "OBJ_15";
      };
      "OBJ_84" = {
         isa = "PBXBuildFile";
         fileRef = "OBJ_16";
      };
      "OBJ_85" = {
         isa = "PBXBuildFile";
         fileRef = "OBJ_18";
      };
      "OBJ_86" = {
         isa = "PBXBuildFile";
         fileRef = "OBJ_19";
      };
      "OBJ_87" = {
         isa = "PBXBuildFile";
         fileRef = "OBJ_20";
      };
      "OBJ_88" = {
         isa = "PBXBuildFile";
         fileRef = "OBJ_21";
      };
      "OBJ_89" = {
         isa = "PBXBuildFile";
         fileRef = "OBJ_22";
      };
      "OBJ_9" = {
         isa = "PBXGroup";
         children = (
            "OBJ_10"
         );
         name = "Sources";
         path = "";
         sourceTree = "SOURCE_ROOT";
      };
      "OBJ_90" = {
         isa = "PBXBuildFile";
         fileRef = "OBJ_23";
      };
      "OBJ_91" = {
         isa = "PBXBuildFile";
         fileRef = "OBJ_24";
      };
      "OBJ_92" = {
         isa = "PBXBuildFile";
         fileRef = "OBJ_25";
      };
      "OBJ_93" = {
         isa = "PBXFrameworksBuildPhase";
         files = (
            "OBJ_94",
            "OBJ_95"
         );
      };
      "OBJ_94" = {
         isa = "PBXBuildFile";
         fileRef = "ZIPFoundation::ZIPFoundation::Product";
      };
      "OBJ_95" = {
         isa = "PBXBuildFile";
         fileRef = "SwiftSyntax::SwiftSyntax::Product";
      };
      "OBJ_96" = {
         isa = "PBXTargetDependency";
         target = "ZIPFoundation::ZIPFoundation";
      };
      "OBJ_98" = {
         isa = "PBXTargetDependency";
         target = "SwiftSyntax::SwiftSyntax";
      };
      "Sketch2Code::Sketch2Code" = {
         isa = "PBXNativeTarget";
         buildConfigurationList = "OBJ_76";
         buildPhases = (
            "OBJ_79",
            "OBJ_93"
         );
         dependencies = (
            "OBJ_96",
            "OBJ_98"
         );
         name = "Sketch2Code";
         productName = "Sketch2Code";
         productReference = "Sketch2Code::Sketch2Code::Product";
         productType = "com.apple.product-type.tool";
      };
      "Sketch2Code::Sketch2Code::Product" = {
         isa = "PBXFileReference";
         path = "Sketch2Code";
         sourceTree = "BUILT_PRODUCTS_DIR";
      };
      "Sketch2Code::Sketch2CodePackageTests::ProductTarget" = {
         isa = "PBXAggregateTarget";
         buildConfigurationList = "OBJ_107";
         buildPhases = (
         );
         dependencies = (
            "OBJ_110"
         );
         name = "Sketch2CodePackageTests";
         productName = "Sketch2CodePackageTests";
      };
      "Sketch2Code::Sketch2CodeTests" = {
         isa = "PBXNativeTarget";
         buildConfigurationList = "OBJ_112";
         buildPhases = (
            "OBJ_115",
            "OBJ_118"
         );
         dependencies = (
            "OBJ_121",
            "OBJ_122",
            "OBJ_123"
         );
         name = "Sketch2CodeTests";
         productName = "Sketch2CodeTests";
         productReference = "Sketch2Code::Sketch2CodeTests::Product";
         productType = "com.apple.product-type.bundle.unit-test";
      };
      "Sketch2Code::Sketch2CodeTests::Product" = {
         isa = "PBXFileReference";
         path = "Sketch2CodeTests.xctest";
         sourceTree = "BUILT_PRODUCTS_DIR";
      };
      "Sketch2Code::SwiftPMPackageDescription" = {
         isa = "PBXNativeTarget";
         buildConfigurationList = "OBJ_101";
         buildPhases = (
            "OBJ_104"
         );
         dependencies = (
         );
         name = "Sketch2CodePackageDescription";
         productName = "Sketch2CodePackageDescription";
         productType = "com.apple.product-type.framework";
      };
      "SwiftSyntax::SwiftPMPackageDescription" = {
         isa = "PBXNativeTarget";
         buildConfigurationList = "OBJ_153";
         buildPhases = (
            "OBJ_156"
         );
         dependencies = (
         );
         name = "SwiftSyntaxPackageDescription";
         productName = "SwiftSyntaxPackageDescription";
         productType = "com.apple.product-type.framework";
      };
      "SwiftSyntax::SwiftSyntax" = {
         isa = "PBXNativeTarget";
         buildConfigurationList = "OBJ_124";
         buildPhases = (
            "OBJ_127",
            "OBJ_151"
         );
         dependencies = (
         );
         name = "SwiftSyntax";
         productName = "SwiftSyntax";
         productReference = "SwiftSyntax::SwiftSyntax::Product";
         productType = "com.apple.product-type.framework";
      };
      "SwiftSyntax::SwiftSyntax::Product" = {
         isa = "PBXFileReference";
         path = "SwiftSyntax.framework";
         sourceTree = "BUILT_PRODUCTS_DIR";
      };
      "ZIPFoundation::SwiftPMPackageDescription" = {
         isa = "PBXNativeTarget";
         buildConfigurationList = "OBJ_171";
         buildPhases = (
            "OBJ_174"
         );
         dependencies = (
         );
         name = "ZIPFoundationPackageDescription";
         productName = "ZIPFoundationPackageDescription";
         productType = "com.apple.product-type.framework";
      };
      "ZIPFoundation::ZIPFoundation" = {
         isa = "PBXNativeTarget";
         buildConfigurationList = "OBJ_158";
         buildPhases = (
            "OBJ_161",
            "OBJ_169"
         );
         dependencies = (
         );
         name = "ZIPFoundation";
         productName = "ZIPFoundation";
         productReference = "ZIPFoundation::ZIPFoundation::Product";
         productType = "com.apple.product-type.framework";
      };
      "ZIPFoundation::ZIPFoundation::Product" = {
         isa = "PBXFileReference";
         path = "ZIPFoundation.framework";
         sourceTree = "BUILT_PRODUCTS_DIR";
      };
   };
   rootObject = "OBJ_1";
}
